{
  "version": 4,
  "terraform_version": "1.5.7",
  "serial": 3,
  "lineage": "2d2c1fc0-b893-9ca2-c39a-8a3811d0bc2d",
  "outputs": {},
  "resources": [
    {
      "mode": "managed",
      "type": "spotify_playlist",
      "name": "Bollywood",
      "provider": "provider[\"registry.terraform.io/conradludgate/spotify\"]",
      "instances": [
        {
          "schema_version": 0,
          "attributes": {
            "description": "Created by terraform",
            "id": "7xokSBDIQIKHB7aA4IeBkA",
            "name": "SHER YARR PLAY TERRAFORM",
            "public": true,
            "snapshot_id": "AAAAAjMwgrcgw3DfRHBLA4EFG44MdLtY",
            "tracks": [
              "6ZdUoU3nGE4elsw4HSu5fu",
              "4gmL6HURFqPMwx8nWQoOn2"
            ]
          },
          "sensitive_attributes": [],
          "private": "bnVsbA=="
        }
      ]
    }
  ],
  "check_results": null
}
